// !$*UTF8*$!
{
	archiveVersion = 1;
	classes = {
	};
	objectVersion = 50;
	objects = {

/* Begin PBXBuildFile section */
		4FF8E1A62823988B0444FF03 /* Pods_codeChallengeApp.framework in Frameworks */ = {isa = PBXBuildFile; fileRef = E909F9EF7F655E47FBC5B2E2 /* Pods_codeChallengeApp.framework */; };
		8CB86C6622709DAB00755582 /* AppDelegate.swift in Sources */ = {isa = PBXBuildFile; fileRef = 8CB86C6522709DAB00755582 /* AppDelegate.swift */; };
		8CB86C6B22709DAB00755582 /* Main.storyboard in Resources */ = {isa = PBXBuildFile; fileRef = 8CB86C6922709DAB00755582 /* Main.storyboard */; };
		8CB86C6D22709DAD00755582 /* Assets.xcassets in Resources */ = {isa = PBXBuildFile; fileRef = 8CB86C6C22709DAD00755582 /* Assets.xcassets */; };
		8CB86C7022709DAD00755582 /* LaunchScreen.storyboard in Resources */ = {isa = PBXBuildFile; fileRef = 8CB86C6E22709DAD00755582 /* LaunchScreen.storyboard */; };
		8CB86C7B22709DAD00755582 /* DependencyInjectorTests.swift in Sources */ = {isa = PBXBuildFile; fileRef = 8CB86C7A22709DAD00755582 /* DependencyInjectorTests.swift */; };
		8CB86C8622709DAD00755582 /* codeChallengeAppUITests.swift in Sources */ = {isa = PBXBuildFile; fileRef = 8CB86C8522709DAD00755582 /* codeChallengeAppUITests.swift */; };
		8CB86C9A2270B50B00755582 /* Photo.swift in Sources */ = {isa = PBXBuildFile; fileRef = 8CB86C992270B50B00755582 /* Photo.swift */; };
		8CB86C9C2270B53000755582 /* NetworkManager.swift in Sources */ = {isa = PBXBuildFile; fileRef = 8CB86C9B2270B53000755582 /* NetworkManager.swift */; };
		8CB86C9E2270B54600755582 /* DatabaseManager.swift in Sources */ = {isa = PBXBuildFile; fileRef = 8CB86C9D2270B54600755582 /* DatabaseManager.swift */; };
		8CB86CA12270B58000755582 /* PhotoListViewController.swift in Sources */ = {isa = PBXBuildFile; fileRef = 8CB86CA02270B58000755582 /* PhotoListViewController.swift */; };
		8CB86CA82270B67700755582 /* BaseViewController.swift in Sources */ = {isa = PBXBuildFile; fileRef = 8CB86CA72270B67700755582 /* BaseViewController.swift */; };
		8CB86CAB2270B6AD00755582 /* PhotoListViewModel.swift in Sources */ = {isa = PBXBuildFile; fileRef = 8CB86CAA2270B6AD00755582 /* PhotoListViewModel.swift */; };
		8CB86CAE2270B86D00755582 /* PhotoDetailViewController.swift in Sources */ = {isa = PBXBuildFile; fileRef = 8CB86CAD2270B86D00755582 /* PhotoDetailViewController.swift */; };
		8CB86CB12270B88E00755582 /* PhotoDetailViewModel.swift in Sources */ = {isa = PBXBuildFile; fileRef = 8CB86CB02270B88E00755582 /* PhotoDetailViewModel.swift */; };
		8CB86CB42270B8DA00755582 /* PhotoListItemCell.swift in Sources */ = {isa = PBXBuildFile; fileRef = 8CB86CB22270B8DA00755582 /* PhotoListItemCell.swift */; };
		8CB86CB52270B8DA00755582 /* PhotoListItemCell.xib in Resources */ = {isa = PBXBuildFile; fileRef = 8CB86CB32270B8DA00755582 /* PhotoListItemCell.xib */; };
		8CB86CB72270B90600755582 /* PhotoListItemCellViewModel.swift in Sources */ = {isa = PBXBuildFile; fileRef = 8CB86CB62270B90600755582 /* PhotoListItemCellViewModel.swift */; };
		8CB86CBA2270B97700755582 /* DependencyInjector.swift in Sources */ = {isa = PBXBuildFile; fileRef = 8CB86CB92270B97700755582 /* DependencyInjector.swift */; };
		8CB86CBC2270BA2000755582 /* Endpoint.swift in Sources */ = {isa = PBXBuildFile; fileRef = 8CB86CBB2270BA2000755582 /* Endpoint.swift */; };
		8CB86CBF2270BA7200755582 /* Coordinator.swift in Sources */ = {isa = PBXBuildFile; fileRef = 8CB86CBE2270BA7200755582 /* Coordinator.swift */; };
		8CB86CC12270BA9000755582 /* PhotoListCoordinator.swift in Sources */ = {isa = PBXBuildFile; fileRef = 8CB86CC02270BA9000755582 /* PhotoListCoordinator.swift */; };
		8CB86CC42270BAC100755582 /* PhotoDetailCoordinator.swift in Sources */ = {isa = PBXBuildFile; fileRef = 8CB86CC32270BAC100755582 /* PhotoDetailCoordinator.swift */; };
		8CB86CCA2270C35000755582 /* EndpointTests.swift in Sources */ = {isa = PBXBuildFile; fileRef = 8CB86CC92270C35000755582 /* EndpointTests.swift */; };
		8CB86CCC22713AE100755582 /* PhotoTests.swift in Sources */ = {isa = PBXBuildFile; fileRef = 8CB86CCB22713AE100755582 /* PhotoTests.swift */; };
		8CB86CCE2271416F00755582 /* NetworkManagerTests.swift in Sources */ = {isa = PBXBuildFile; fileRef = 8CB86CCD2271416F00755582 /* NetworkManagerTests.swift */; };
		8CB86CD02271E15400755582 /* DatabaseManagerTests.swift in Sources */ = {isa = PBXBuildFile; fileRef = 8CB86CCF2271E15400755582 /* DatabaseManagerTests.swift */; };
		8CB86CD32271FE6F00755582 /* GlobalFunctions.swift in Sources */ = {isa = PBXBuildFile; fileRef = 8CB86CD22271FE6F00755582 /* GlobalFunctions.swift */; };
		8CB86CD52272029000755582 /* Localizable.strings in Resources */ = {isa = PBXBuildFile; fileRef = 8CB86CD42272029000755582 /* Localizable.strings */; };
		8CB86CD72272054800755582 /* ApiManager.swift in Sources */ = {isa = PBXBuildFile; fileRef = 8CB86CD62272054800755582 /* ApiManager.swift */; };
		8CB86CD92272081500755582 /* ApiError.swift in Sources */ = {isa = PBXBuildFile; fileRef = 8CB86CD82272081500755582 /* ApiError.swift */; };
		8CB86CDC2272084200755582 /* ApiManagerTests.swift in Sources */ = {isa = PBXBuildFile; fileRef = 8CB86CDB2272084200755582 /* ApiManagerTests.swift */; };
		8CB86CDE22720AA200755582 /* UnitTestConstants.swift in Sources */ = {isa = PBXBuildFile; fileRef = 8CB86CDD22720AA200755582 /* UnitTestConstants.swift */; };
		8CB86CE122720D2D00755582 /* PhotoListViewModelTests.swift in Sources */ = {isa = PBXBuildFile; fileRef = 8CB86CE022720D2D00755582 /* PhotoListViewModelTests.swift */; };
		8CB86CE52272102E00755582 /* PhotoListItemCellViewModelTests.swift in Sources */ = {isa = PBXBuildFile; fileRef = 8CB86CE42272102E00755582 /* PhotoListItemCellViewModelTests.swift */; };
		8CB86CE7227211FB00755582 /* PhotoDetailViewModelTests.swift in Sources */ = {isa = PBXBuildFile; fileRef = 8CB86CE6227211FB00755582 /* PhotoDetailViewModelTests.swift */; };
		8CB86CE92272153900755582 /* ReachabilityManager.swift in Sources */ = {isa = PBXBuildFile; fileRef = 8CB86CE82272153900755582 /* ReachabilityManager.swift */; };
		8CB86CEB22728BC200755582 /* BaseCollectionViewCell.swift in Sources */ = {isa = PBXBuildFile; fileRef = 8CB86CEA22728BC200755582 /* BaseCollectionViewCell.swift */; };
		8CB86CED22741BF100755582 /* UIColor+Custom.swift in Sources */ = {isa = PBXBuildFile; fileRef = 8CB86CEC22741BF100755582 /* UIColor+Custom.swift */; };
		8CB86CF1227421FA00755582 /* ApplicationCoordinator.swift in Sources */ = {isa = PBXBuildFile; fileRef = 8CB86CF0227421FA00755582 /* ApplicationCoordinator.swift */; };
		F50B9B5159C32F096F4516C0 /* Pods_codeChallengeAppTests.framework in Frameworks */ = {isa = PBXBuildFile; fileRef = 1CB15F6E0DB92A5252CB9178 /* Pods_codeChallengeAppTests.framework */; };
/* End PBXBuildFile section */

/* Begin PBXContainerItemProxy section */
		8CB86C7722709DAD00755582 /* PBXContainerItemProxy */ = {
			isa = PBXContainerItemProxy;
			containerPortal = 8CB86C5A22709DAA00755582 /* Project object */;
			proxyType = 1;
			remoteGlobalIDString = 8CB86C6122709DAB00755582;
			remoteInfo = codeChallengeApp;
		};
		8CB86C8222709DAD00755582 /* PBXContainerItemProxy */ = {
			isa = PBXContainerItemProxy;
			containerPortal = 8CB86C5A22709DAA00755582 /* Project object */;
			proxyType = 1;
			remoteGlobalIDString = 8CB86C6122709DAB00755582;
			remoteInfo = codeChallengeApp;
		};
/* End PBXContainerItemProxy section */

/* Begin PBXFileReference section */
		06DFBC536C6393B91BA213F5 /* Pods-codeChallengeApp.debug.xcconfig */ = {isa = PBXFileReference; includeInIndex = 1; lastKnownFileType = text.xcconfig; name = "Pods-codeChallengeApp.debug.xcconfig"; path = "Pods/Target Support Files/Pods-codeChallengeApp/Pods-codeChallengeApp.debug.xcconfig"; sourceTree = "<group>"; };
		1CB15F6E0DB92A5252CB9178 /* Pods_codeChallengeAppTests.framework */ = {isa = PBXFileReference; explicitFileType = wrapper.framework; includeInIndex = 0; path = Pods_codeChallengeAppTests.framework; sourceTree = BUILT_PRODUCTS_DIR; };
		7BB1BDE9631D34CB129EF347 /* Pods-codeChallengeAppTests.release.xcconfig */ = {isa = PBXFileReference; includeInIndex = 1; lastKnownFileType = text.xcconfig; name = "Pods-codeChallengeAppTests.release.xcconfig"; path = "Pods/Target Support Files/Pods-codeChallengeAppTests/Pods-codeChallengeAppTests.release.xcconfig"; sourceTree = "<group>"; };
		8CB86C6222709DAB00755582 /* codeChallengeApp.app */ = {isa = PBXFileReference; explicitFileType = wrapper.application; includeInIndex = 0; path = codeChallengeApp.app; sourceTree = BUILT_PRODUCTS_DIR; };
		8CB86C6522709DAB00755582 /* AppDelegate.swift */ = {isa = PBXFileReference; lastKnownFileType = sourcecode.swift; path = AppDelegate.swift; sourceTree = "<group>"; };
		8CB86C6A22709DAB00755582 /* Base */ = {isa = PBXFileReference; lastKnownFileType = file.storyboard; name = Base; path = Base.lproj/Main.storyboard; sourceTree = "<group>"; };
		8CB86C6C22709DAD00755582 /* Assets.xcassets */ = {isa = PBXFileReference; lastKnownFileType = folder.assetcatalog; path = Assets.xcassets; sourceTree = "<group>"; };
		8CB86C6F22709DAD00755582 /* Base */ = {isa = PBXFileReference; lastKnownFileType = file.storyboard; name = Base; path = Base.lproj/LaunchScreen.storyboard; sourceTree = "<group>"; };
		8CB86C7122709DAD00755582 /* Info.plist */ = {isa = PBXFileReference; lastKnownFileType = text.plist.xml; path = Info.plist; sourceTree = "<group>"; };
		8CB86C7622709DAD00755582 /* codeChallengeAppTests.xctest */ = {isa = PBXFileReference; explicitFileType = wrapper.cfbundle; includeInIndex = 0; path = codeChallengeAppTests.xctest; sourceTree = BUILT_PRODUCTS_DIR; };
		8CB86C7A22709DAD00755582 /* DependencyInjectorTests.swift */ = {isa = PBXFileReference; lastKnownFileType = sourcecode.swift; path = DependencyInjectorTests.swift; sourceTree = "<group>"; };
		8CB86C7C22709DAD00755582 /* Info.plist */ = {isa = PBXFileReference; lastKnownFileType = text.plist.xml; path = Info.plist; sourceTree = "<group>"; };
		8CB86C8122709DAD00755582 /* codeChallengeAppUITests.xctest */ = {isa = PBXFileReference; explicitFileType = wrapper.cfbundle; includeInIndex = 0; path = codeChallengeAppUITests.xctest; sourceTree = BUILT_PRODUCTS_DIR; };
		8CB86C8522709DAD00755582 /* codeChallengeAppUITests.swift */ = {isa = PBXFileReference; lastKnownFileType = sourcecode.swift; path = codeChallengeAppUITests.swift; sourceTree = "<group>"; };
		8CB86C8722709DAD00755582 /* Info.plist */ = {isa = PBXFileReference; lastKnownFileType = text.plist.xml; path = Info.plist; sourceTree = "<group>"; };
		8CB86C9422709DFA00755582 /* app_architecture.md */ = {isa = PBXFileReference; lastKnownFileType = net.daringfireball.markdown; path = app_architecture.md; sourceTree = "<group>"; };
		8CB86C992270B50B00755582 /* Photo.swift */ = {isa = PBXFileReference; lastKnownFileType = sourcecode.swift; path = Photo.swift; sourceTree = "<group>"; };
		8CB86C9B2270B53000755582 /* NetworkManager.swift */ = {isa = PBXFileReference; lastKnownFileType = sourcecode.swift; path = NetworkManager.swift; sourceTree = "<group>"; };
		8CB86C9D2270B54600755582 /* DatabaseManager.swift */ = {isa = PBXFileReference; lastKnownFileType = sourcecode.swift; path = DatabaseManager.swift; sourceTree = "<group>"; };
		8CB86CA02270B58000755582 /* PhotoListViewController.swift */ = {isa = PBXFileReference; lastKnownFileType = sourcecode.swift; path = PhotoListViewController.swift; sourceTree = "<group>"; };
		8CB86CA72270B67700755582 /* BaseViewController.swift */ = {isa = PBXFileReference; lastKnownFileType = sourcecode.swift; path = BaseViewController.swift; sourceTree = "<group>"; };
		8CB86CAA2270B6AD00755582 /* PhotoListViewModel.swift */ = {isa = PBXFileReference; lastKnownFileType = sourcecode.swift; path = PhotoListViewModel.swift; sourceTree = "<group>"; };
		8CB86CAD2270B86D00755582 /* PhotoDetailViewController.swift */ = {isa = PBXFileReference; lastKnownFileType = sourcecode.swift; path = PhotoDetailViewController.swift; sourceTree = "<group>"; };
		8CB86CB02270B88E00755582 /* PhotoDetailViewModel.swift */ = {isa = PBXFileReference; lastKnownFileType = sourcecode.swift; path = PhotoDetailViewModel.swift; sourceTree = "<group>"; };
		8CB86CB22270B8DA00755582 /* PhotoListItemCell.swift */ = {isa = PBXFileReference; lastKnownFileType = sourcecode.swift; path = PhotoListItemCell.swift; sourceTree = "<group>"; };
		8CB86CB32270B8DA00755582 /* PhotoListItemCell.xib */ = {isa = PBXFileReference; lastKnownFileType = file.xib; path = PhotoListItemCell.xib; sourceTree = "<group>"; };
		8CB86CB62270B90600755582 /* PhotoListItemCellViewModel.swift */ = {isa = PBXFileReference; lastKnownFileType = sourcecode.swift; path = PhotoListItemCellViewModel.swift; sourceTree = "<group>"; };
		8CB86CB92270B97700755582 /* DependencyInjector.swift */ = {isa = PBXFileReference; lastKnownFileType = sourcecode.swift; path = DependencyInjector.swift; sourceTree = "<group>"; };
		8CB86CBB2270BA2000755582 /* Endpoint.swift */ = {isa = PBXFileReference; lastKnownFileType = sourcecode.swift; path = Endpoint.swift; sourceTree = "<group>"; };
		8CB86CBE2270BA7200755582 /* Coordinator.swift */ = {isa = PBXFileReference; lastKnownFileType = sourcecode.swift; path = Coordinator.swift; sourceTree = "<group>"; };
		8CB86CC02270BA9000755582 /* PhotoListCoordinator.swift */ = {isa = PBXFileReference; lastKnownFileType = sourcecode.swift; path = PhotoListCoordinator.swift; sourceTree = "<group>"; };
		8CB86CC32270BAC100755582 /* PhotoDetailCoordinator.swift */ = {isa = PBXFileReference; lastKnownFileType = sourcecode.swift; path = PhotoDetailCoordinator.swift; sourceTree = "<group>"; };
		8CB86CC92270C35000755582 /* EndpointTests.swift */ = {isa = PBXFileReference; lastKnownFileType = sourcecode.swift; path = EndpointTests.swift; sourceTree = "<group>"; };
		8CB86CCB22713AE100755582 /* PhotoTests.swift */ = {isa = PBXFileReference; lastKnownFileType = sourcecode.swift; path = PhotoTests.swift; sourceTree = "<group>"; };
		8CB86CCD2271416F00755582 /* NetworkManagerTests.swift */ = {isa = PBXFileReference; lastKnownFileType = sourcecode.swift; path = NetworkManagerTests.swift; sourceTree = "<group>"; };
		8CB86CCF2271E15400755582 /* DatabaseManagerTests.swift */ = {isa = PBXFileReference; lastKnownFileType = sourcecode.swift; path = DatabaseManagerTests.swift; sourceTree = "<group>"; };
		8CB86CD22271FE6F00755582 /* GlobalFunctions.swift */ = {isa = PBXFileReference; lastKnownFileType = sourcecode.swift; path = GlobalFunctions.swift; sourceTree = "<group>"; };
		8CB86CD42272029000755582 /* Localizable.strings */ = {isa = PBXFileReference; lastKnownFileType = text.plist.strings; path = Localizable.strings; sourceTree = "<group>"; };
		8CB86CD62272054800755582 /* ApiManager.swift */ = {isa = PBXFileReference; lastKnownFileType = sourcecode.swift; path = ApiManager.swift; sourceTree = "<group>"; };
		8CB86CD82272081500755582 /* ApiError.swift */ = {isa = PBXFileReference; lastKnownFileType = sourcecode.swift; path = ApiError.swift; sourceTree = "<group>"; };
		8CB86CDB2272084200755582 /* ApiManagerTests.swift */ = {isa = PBXFileReference; lastKnownFileType = sourcecode.swift; path = ApiManagerTests.swift; sourceTree = "<group>"; };
		8CB86CDD22720AA200755582 /* UnitTestConstants.swift */ = {isa = PBXFileReference; lastKnownFileType = sourcecode.swift; path = UnitTestConstants.swift; sourceTree = "<group>"; };
		8CB86CE022720D2D00755582 /* PhotoListViewModelTests.swift */ = {isa = PBXFileReference; lastKnownFileType = sourcecode.swift; path = PhotoListViewModelTests.swift; sourceTree = "<group>"; };
		8CB86CE42272102E00755582 /* PhotoListItemCellViewModelTests.swift */ = {isa = PBXFileReference; lastKnownFileType = sourcecode.swift; path = PhotoListItemCellViewModelTests.swift; sourceTree = "<group>"; };
		8CB86CE6227211FB00755582 /* PhotoDetailViewModelTests.swift */ = {isa = PBXFileReference; lastKnownFileType = sourcecode.swift; path = PhotoDetailViewModelTests.swift; sourceTree = "<group>"; };
		8CB86CE82272153900755582 /* ReachabilityManager.swift */ = {isa = PBXFileReference; lastKnownFileType = sourcecode.swift; path = ReachabilityManager.swift; sourceTree = "<group>"; };
		8CB86CEA22728BC200755582 /* BaseCollectionViewCell.swift */ = {isa = PBXFileReference; lastKnownFileType = sourcecode.swift; path = BaseCollectionViewCell.swift; sourceTree = "<group>"; };
		8CB86CEC22741BF100755582 /* UIColor+Custom.swift */ = {isa = PBXFileReference; lastKnownFileType = sourcecode.swift; path = "UIColor+Custom.swift"; sourceTree = "<group>"; };
		8CB86CF0227421FA00755582 /* ApplicationCoordinator.swift */ = {isa = PBXFileReference; lastKnownFileType = sourcecode.swift; path = ApplicationCoordinator.swift; sourceTree = "<group>"; };
		A3FA45787445496DC5402C83 /* Pods-codeChallengeApp.release.xcconfig */ = {isa = PBXFileReference; includeInIndex = 1; lastKnownFileType = text.xcconfig; name = "Pods-codeChallengeApp.release.xcconfig"; path = "Pods/Target Support Files/Pods-codeChallengeApp/Pods-codeChallengeApp.release.xcconfig"; sourceTree = "<group>"; };
		C8EE3FC2790B7E9000F929EA /* Pods-codeChallengeAppTests.debug.xcconfig */ = {isa = PBXFileReference; includeInIndex = 1; lastKnownFileType = text.xcconfig; name = "Pods-codeChallengeAppTests.debug.xcconfig"; path = "Pods/Target Support Files/Pods-codeChallengeAppTests/Pods-codeChallengeAppTests.debug.xcconfig"; sourceTree = "<group>"; };
		E909F9EF7F655E47FBC5B2E2 /* Pods_codeChallengeApp.framework */ = {isa = PBXFileReference; explicitFileType = wrapper.framework; includeInIndex = 0; path = Pods_codeChallengeApp.framework; sourceTree = BUILT_PRODUCTS_DIR; };
/* End PBXFileReference section */

/* Begin PBXFrameworksBuildPhase section */
		8CB86C5F22709DAB00755582 /* Frameworks */ = {
			isa = PBXFrameworksBuildPhase;
			buildActionMask = 2147483647;
			files = (
				4FF8E1A62823988B0444FF03 /* Pods_codeChallengeApp.framework in Frameworks */,
			);
			runOnlyForDeploymentPostprocessing = 0;
		};
		8CB86C7322709DAD00755582 /* Frameworks */ = {
			isa = PBXFrameworksBuildPhase;
			buildActionMask = 2147483647;
			files = (
				F50B9B5159C32F096F4516C0 /* Pods_codeChallengeAppTests.framework in Frameworks */,
			);
			runOnlyForDeploymentPostprocessing = 0;
		};
		8CB86C7E22709DAD00755582 /* Frameworks */ = {
			isa = PBXFrameworksBuildPhase;
			buildActionMask = 2147483647;
			files = (
			);
			runOnlyForDeploymentPostprocessing = 0;
		};
/* End PBXFrameworksBuildPhase section */

/* Begin PBXGroup section */
		8CB86C5922709DAA00755582 = {
			isa = PBXGroup;
			children = (
				8CB86C6422709DAB00755582 /* codeChallengeApp */,
				8CB86C7922709DAD00755582 /* codeChallengeAppTests */,
				8CB86C8422709DAD00755582 /* codeChallengeAppUITests */,
				8CB86C6322709DAB00755582 /* Products */,
				CFA3A8E949BC1908C80A2CB1 /* Pods */,
				C557E420128BA3A99381B191 /* Frameworks */,
			);
			sourceTree = "<group>";
		};
		8CB86C6322709DAB00755582 /* Products */ = {
			isa = PBXGroup;
			children = (
				8CB86C6222709DAB00755582 /* codeChallengeApp.app */,
				8CB86C7622709DAD00755582 /* codeChallengeAppTests.xctest */,
				8CB86C8122709DAD00755582 /* codeChallengeAppUITests.xctest */,
			);
			name = Products;
			sourceTree = "<group>";
		};
		8CB86C6422709DAB00755582 /* codeChallengeApp */ = {
			isa = PBXGroup;
			children = (
				8CB86CD12271FE3700755582 /* Utility */,
				8CB86CB82270B92E00755582 /* DependencyInjection */,
				8CB86CA62270B66200755582 /* BaseClasses */,
				8CB86CA52270B5F200755582 /* SupportFiles */,
				8CB86C982270B4DA00755582 /* Screens */,
				8CB86C972270B4C400755582 /* Models */,
				8CB86C9322709DCE00755582 /* Documentation */,
				8CB86C7122709DAD00755582 /* Info.plist */,
			);
			path = codeChallengeApp;
			sourceTree = "<group>";
		};
		8CB86C7922709DAD00755582 /* codeChallengeAppTests */ = {
			isa = PBXGroup;
			children = (
				8CB86CE322720EC600755582 /* Models */,
				8CB86CE222720EB400755582 /* Database */,
				8CB86CDF22720D1C00755582 /* ViewModels */,
				8CB86CDA2272083300755582 /* Network */,
				8CB86C7A22709DAD00755582 /* DependencyInjectorTests.swift */,
				8CB86C7C22709DAD00755582 /* Info.plist */,
				8CB86CDD22720AA200755582 /* UnitTestConstants.swift */,
			);
			path = codeChallengeAppTests;
			sourceTree = "<group>";
		};
		8CB86C8422709DAD00755582 /* codeChallengeAppUITests */ = {
			isa = PBXGroup;
			children = (
				8CB86C8522709DAD00755582 /* codeChallengeAppUITests.swift */,
				8CB86C8722709DAD00755582 /* Info.plist */,
			);
			path = codeChallengeAppUITests;
			sourceTree = "<group>";
		};
		8CB86C9322709DCE00755582 /* Documentation */ = {
			isa = PBXGroup;
			children = (
				8CB86C9422709DFA00755582 /* app_architecture.md */,
			);
			path = Documentation;
			sourceTree = "<group>";
		};
		8CB86C952270B48000755582 /* PhotoList */ = {
			isa = PBXGroup;
			children = (
				8CB86CBD2270BA5B00755582 /* Coordinator */,
				8CB86CA92270B68D00755582 /* ViewModels */,
				8CB86C9F2270B55D00755582 /* Views */,
			);
			path = PhotoList;
			sourceTree = "<group>";
		};
		8CB86C962270B49600755582 /* PhotoDetail */ = {
			isa = PBXGroup;
			children = (
				8CB86CC22270BAAC00755582 /* Coordinator */,
				8CB86CAF2270B87600755582 /* ViewModels */,
				8CB86CAC2270B6FA00755582 /* Views */,
			);
			path = PhotoDetail;
			sourceTree = "<group>";
		};
		8CB86C972270B4C400755582 /* Models */ = {
			isa = PBXGroup;
			children = (
				8CB86CA42270B5BC00755582 /* Database */,
				8CB86CA32270B5B400755582 /* Network */,
				8CB86CA22270B5AE00755582 /* Data */,
			);
			path = Models;
			sourceTree = "<group>";
		};
		8CB86C982270B4DA00755582 /* Screens */ = {
			isa = PBXGroup;
			children = (
				8CB86CEE227421DE00755582 /* Application */,
				8CB86C952270B48000755582 /* PhotoList */,
				8CB86C962270B49600755582 /* PhotoDetail */,
			);
			path = Screens;
			sourceTree = "<group>";
		};
		8CB86C9F2270B55D00755582 /* Views */ = {
			isa = PBXGroup;
			children = (
				8CB86CA02270B58000755582 /* PhotoListViewController.swift */,
				8CB86CB22270B8DA00755582 /* PhotoListItemCell.swift */,
				8CB86CB32270B8DA00755582 /* PhotoListItemCell.xib */,
			);
			path = Views;
			sourceTree = "<group>";
		};
		8CB86CA22270B5AE00755582 /* Data */ = {
			isa = PBXGroup;
			children = (
				8CB86C992270B50B00755582 /* Photo.swift */,
			);
			path = Data;
			sourceTree = "<group>";
		};
		8CB86CA32270B5B400755582 /* Network */ = {
			isa = PBXGroup;
			children = (
				8CB86C9B2270B53000755582 /* NetworkManager.swift */,
				8CB86CBB2270BA2000755582 /* Endpoint.swift */,
				8CB86CD62272054800755582 /* ApiManager.swift */,
				8CB86CD82272081500755582 /* ApiError.swift */,
				8CB86CE82272153900755582 /* ReachabilityManager.swift */,
			);
			path = Network;
			sourceTree = "<group>";
		};
		8CB86CA42270B5BC00755582 /* Database */ = {
			isa = PBXGroup;
			children = (
				8CB86C9D2270B54600755582 /* DatabaseManager.swift */,
			);
			path = Database;
			sourceTree = "<group>";
		};
		8CB86CA52270B5F200755582 /* SupportFiles */ = {
			isa = PBXGroup;
			children = (
				8CB86C6E22709DAD00755582 /* LaunchScreen.storyboard */,
				8CB86C6C22709DAD00755582 /* Assets.xcassets */,
				8CB86C6922709DAB00755582 /* Main.storyboard */,
				8CB86C6522709DAB00755582 /* AppDelegate.swift */,
				8CB86CD42272029000755582 /* Localizable.strings */,
			);
			path = SupportFiles;
			sourceTree = "<group>";
		};
		8CB86CA62270B66200755582 /* BaseClasses */ = {
			isa = PBXGroup;
			children = (
				8CB86CA72270B67700755582 /* BaseViewController.swift */,
				8CB86CBE2270BA7200755582 /* Coordinator.swift */,
				8CB86CEA22728BC200755582 /* BaseCollectionViewCell.swift */,
			);
			path = BaseClasses;
			sourceTree = "<group>";
		};
		8CB86CA92270B68D00755582 /* ViewModels */ = {
			isa = PBXGroup;
			children = (
				8CB86CAA2270B6AD00755582 /* PhotoListViewModel.swift */,
				8CB86CB62270B90600755582 /* PhotoListItemCellViewModel.swift */,
			);
			path = ViewModels;
			sourceTree = "<group>";
		};
		8CB86CAC2270B6FA00755582 /* Views */ = {
			isa = PBXGroup;
			children = (
				8CB86CAD2270B86D00755582 /* PhotoDetailViewController.swift */,
			);
			path = Views;
			sourceTree = "<group>";
		};
		8CB86CAF2270B87600755582 /* ViewModels */ = {
			isa = PBXGroup;
			children = (
				8CB86CB02270B88E00755582 /* PhotoDetailViewModel.swift */,
			);
			path = ViewModels;
			sourceTree = "<group>";
		};
		8CB86CB82270B92E00755582 /* DependencyInjection */ = {
			isa = PBXGroup;
			children = (
				8CB86CB92270B97700755582 /* DependencyInjector.swift */,
			);
			path = DependencyInjection;
			sourceTree = "<group>";
		};
		8CB86CBD2270BA5B00755582 /* Coordinator */ = {
			isa = PBXGroup;
			children = (
				8CB86CC02270BA9000755582 /* PhotoListCoordinator.swift */,
			);
			path = Coordinator;
			sourceTree = "<group>";
		};
		8CB86CC22270BAAC00755582 /* Coordinator */ = {
			isa = PBXGroup;
			children = (
				8CB86CC32270BAC100755582 /* PhotoDetailCoordinator.swift */,
			);
			path = Coordinator;
			sourceTree = "<group>";
		};
		8CB86CD12271FE3700755582 /* Utility */ = {
			isa = PBXGroup;
			children = (
				8CB86CD22271FE6F00755582 /* GlobalFunctions.swift */,
				8CB86CEC22741BF100755582 /* UIColor+Custom.swift */,
			);
			path = Utility;
			sourceTree = "<group>";
		};
		8CB86CDA2272083300755582 /* Network */ = {
			isa = PBXGroup;
			children = (
				8CB86CC92270C35000755582 /* EndpointTests.swift */,
				8CB86CCD2271416F00755582 /* NetworkManagerTests.swift */,
				8CB86CDB2272084200755582 /* ApiManagerTests.swift */,
			);
			path = Network;
			sourceTree = "<group>";
		};
		8CB86CDF22720D1C00755582 /* ViewModels */ = {
			isa = PBXGroup;
			children = (
				8CB86CE022720D2D00755582 /* PhotoListViewModelTests.swift */,
				8CB86CE42272102E00755582 /* PhotoListItemCellViewModelTests.swift */,
				8CB86CE6227211FB00755582 /* PhotoDetailViewModelTests.swift */,
			);
			path = ViewModels;
			sourceTree = "<group>";
		};
		8CB86CE222720EB400755582 /* Database */ = {
			isa = PBXGroup;
			children = (
				8CB86CCF2271E15400755582 /* DatabaseManagerTests.swift */,
			);
			path = Database;
			sourceTree = "<group>";
		};
		8CB86CE322720EC600755582 /* Models */ = {
			isa = PBXGroup;
			children = (
				8CB86CCB22713AE100755582 /* PhotoTests.swift */,
			);
			path = Models;
			sourceTree = "<group>";
		};
		8CB86CEE227421DE00755582 /* Application */ = {
			isa = PBXGroup;
			children = (
				8CB86CEF227421EA00755582 /* Coordinator */,
			);
			path = Application;
			sourceTree = "<group>";
		};
		8CB86CEF227421EA00755582 /* Coordinator */ = {
			isa = PBXGroup;
			children = (
				8CB86CF0227421FA00755582 /* ApplicationCoordinator.swift */,
			);
			path = Coordinator;
			sourceTree = "<group>";
		};
		C557E420128BA3A99381B191 /* Frameworks */ = {
			isa = PBXGroup;
			children = (
				E909F9EF7F655E47FBC5B2E2 /* Pods_codeChallengeApp.framework */,
				1CB15F6E0DB92A5252CB9178 /* Pods_codeChallengeAppTests.framework */,
			);
			name = Frameworks;
			sourceTree = "<group>";
		};
		CFA3A8E949BC1908C80A2CB1 /* Pods */ = {
			isa = PBXGroup;
			children = (
				06DFBC536C6393B91BA213F5 /* Pods-codeChallengeApp.debug.xcconfig */,
				A3FA45787445496DC5402C83 /* Pods-codeChallengeApp.release.xcconfig */,
				C8EE3FC2790B7E9000F929EA /* Pods-codeChallengeAppTests.debug.xcconfig */,
				7BB1BDE9631D34CB129EF347 /* Pods-codeChallengeAppTests.release.xcconfig */,
			);
			name = Pods;
			sourceTree = "<group>";
		};
/* End PBXGroup section */

/* Begin PBXNativeTarget section */
		8CB86C6122709DAB00755582 /* codeChallengeApp */ = {
			isa = PBXNativeTarget;
			buildConfigurationList = 8CB86C8A22709DAD00755582 /* Build configuration list for PBXNativeTarget "codeChallengeApp" */;
			buildPhases = (
				432E3B544DB5A1C40A4124FB /* [CP] Check Pods Manifest.lock */,
				8CB86C5E22709DAB00755582 /* Sources */,
				8CB86C5F22709DAB00755582 /* Frameworks */,
				8CB86C6022709DAB00755582 /* Resources */,
				F42D50D9311B28A9B35117E0 /* [CP] Embed Pods Frameworks */,
			);
			buildRules = (
			);
			dependencies = (
			);
			name = codeChallengeApp;
			productName = codeChallengeApp;
			productReference = 8CB86C6222709DAB00755582 /* codeChallengeApp.app */;
			productType = "com.apple.product-type.application";
		};
		8CB86C7522709DAD00755582 /* codeChallengeAppTests */ = {
			isa = PBXNativeTarget;
			buildConfigurationList = 8CB86C8D22709DAD00755582 /* Build configuration list for PBXNativeTarget "codeChallengeAppTests" */;
			buildPhases = (
				B53332BE3B7737DC517F87B5 /* [CP] Check Pods Manifest.lock */,
				8CB86C7222709DAD00755582 /* Sources */,
				8CB86C7322709DAD00755582 /* Frameworks */,
				8CB86C7422709DAD00755582 /* Resources */,
				711F2DBECEA525369D91B324 /* [CP] Embed Pods Frameworks */,
			);
			buildRules = (
			);
			dependencies = (
				8CB86C7822709DAD00755582 /* PBXTargetDependency */,
			);
			name = codeChallengeAppTests;
			productName = codeChallengeAppTests;
			productReference = 8CB86C7622709DAD00755582 /* codeChallengeAppTests.xctest */;
			productType = "com.apple.product-type.bundle.unit-test";
		};
		8CB86C8022709DAD00755582 /* codeChallengeAppUITests */ = {
			isa = PBXNativeTarget;
			buildConfigurationList = 8CB86C9022709DAD00755582 /* Build configuration list for PBXNativeTarget "codeChallengeAppUITests" */;
			buildPhases = (
				8CB86C7D22709DAD00755582 /* Sources */,
				8CB86C7E22709DAD00755582 /* Frameworks */,
				8CB86C7F22709DAD00755582 /* Resources */,
			);
			buildRules = (
			);
			dependencies = (
				8CB86C8322709DAD00755582 /* PBXTargetDependency */,
			);
			name = codeChallengeAppUITests;
			productName = codeChallengeAppUITests;
			productReference = 8CB86C8122709DAD00755582 /* codeChallengeAppUITests.xctest */;
			productType = "com.apple.product-type.bundle.ui-testing";
		};
/* End PBXNativeTarget section */

/* Begin PBXProject section */
		8CB86C5A22709DAA00755582 /* Project object */ = {
			isa = PBXProject;
			attributes = {
				LastSwiftUpdateCheck = 1020;
				LastUpgradeCheck = 1020;
				ORGANIZATIONNAME = "Yiming Dong";
				TargetAttributes = {
					8CB86C6122709DAB00755582 = {
						CreatedOnToolsVersion = 10.2.1;
					};
					8CB86C7522709DAD00755582 = {
						CreatedOnToolsVersion = 10.2.1;
						TestTargetID = 8CB86C6122709DAB00755582;
					};
					8CB86C8022709DAD00755582 = {
						CreatedOnToolsVersion = 10.2.1;
						TestTargetID = 8CB86C6122709DAB00755582;
					};
				};
			};
			buildConfigurationList = 8CB86C5D22709DAA00755582 /* Build configuration list for PBXProject "codeChallengeApp" */;
			compatibilityVersion = "Xcode 9.3";
			developmentRegion = en;
			hasScannedForEncodings = 0;
			knownRegions = (
				en,
				Base,
			);
			mainGroup = 8CB86C5922709DAA00755582;
			productRefGroup = 8CB86C6322709DAB00755582 /* Products */;
			projectDirPath = "";
			projectRoot = "";
			targets = (
				8CB86C6122709DAB00755582 /* codeChallengeApp */,
				8CB86C7522709DAD00755582 /* codeChallengeAppTests */,
				8CB86C8022709DAD00755582 /* codeChallengeAppUITests */,
			);
		};
/* End PBXProject section */

/* Begin PBXResourcesBuildPhase section */
		8CB86C6022709DAB00755582 /* Resources */ = {
			isa = PBXResourcesBuildPhase;
			buildActionMask = 2147483647;
			files = (
				8CB86CD52272029000755582 /* Localizable.strings in Resources */,
				8CB86C7022709DAD00755582 /* LaunchScreen.storyboard in Resources */,
				8CB86C6D22709DAD00755582 /* Assets.xcassets in Resources */,
				8CB86C6B22709DAB00755582 /* Main.storyboard in Resources */,
				8CB86CB52270B8DA00755582 /* PhotoListItemCell.xib in Resources */,
			);
			runOnlyForDeploymentPostprocessing = 0;
		};
		8CB86C7422709DAD00755582 /* Resources */ = {
			isa = PBXResourcesBuildPhase;
			buildActionMask = 2147483647;
			files = (
			);
			runOnlyForDeploymentPostprocessing = 0;
		};
		8CB86C7F22709DAD00755582 /* Resources */ = {
			isa = PBXResourcesBuildPhase;
			buildActionMask = 2147483647;
			files = (
			);
			runOnlyForDeploymentPostprocessing = 0;
		};
/* End PBXResourcesBuildPhase section */

/* Begin PBXShellScriptBuildPhase section */
		432E3B544DB5A1C40A4124FB /* [CP] Check Pods Manifest.lock */ = {
			isa = PBXShellScriptBuildPhase;
			buildActionMask = 2147483647;
			files = (
			);
			inputFileListPaths = (
			);
			inputPaths = (
				"${PODS_PODFILE_DIR_PATH}/Podfile.lock",
				"${PODS_ROOT}/Manifest.lock",
			);
			name = "[CP] Check Pods Manifest.lock";
			outputFileListPaths = (
			);
			outputPaths = (
				"$(DERIVED_FILE_DIR)/Pods-codeChallengeApp-checkManifestLockResult.txt",
			);
			runOnlyForDeploymentPostprocessing = 0;
			shellPath = /bin/sh;
			shellScript = "diff \"${PODS_PODFILE_DIR_PATH}/Podfile.lock\" \"${PODS_ROOT}/Manifest.lock\" > /dev/null\nif [ $? != 0 ] ; then\n    # print error to STDERR\n    echo \"error: The sandbox is not in sync with the Podfile.lock. Run 'pod install' or update your CocoaPods installation.\" >&2\n    exit 1\nfi\n# This output is used by Xcode 'outputs' to avoid re-running this script phase.\necho \"SUCCESS\" > \"${SCRIPT_OUTPUT_FILE_0}\"\n";
			showEnvVarsInLog = 0;
		};
		711F2DBECEA525369D91B324 /* [CP] Embed Pods Frameworks */ = {
			isa = PBXShellScriptBuildPhase;
			buildActionMask = 2147483647;
			files = (
			);
			inputFileListPaths = (
			);
			inputPaths = (
				"${SRCROOT}/Pods/Target Support Files/Pods-codeChallengeAppTests/Pods-codeChallengeAppTests-frameworks.sh",
				"${BUILT_PRODUCTS_DIR}/Alamofire/Alamofire.framework",
				"${BUILT_PRODUCTS_DIR}/Realm/Realm.framework",
				"${BUILT_PRODUCTS_DIR}/RealmSwift/RealmSwift.framework",
				"${BUILT_PRODUCTS_DIR}/Swinject/Swinject.framework",
			);
			name = "[CP] Embed Pods Frameworks";
			outputFileListPaths = (
			);
			outputPaths = (
				"${TARGET_BUILD_DIR}/${FRAMEWORKS_FOLDER_PATH}/Alamofire.framework",
				"${TARGET_BUILD_DIR}/${FRAMEWORKS_FOLDER_PATH}/Realm.framework",
				"${TARGET_BUILD_DIR}/${FRAMEWORKS_FOLDER_PATH}/RealmSwift.framework",
				"${TARGET_BUILD_DIR}/${FRAMEWORKS_FOLDER_PATH}/Swinject.framework",
			);
			runOnlyForDeploymentPostprocessing = 0;
			shellPath = /bin/sh;
			shellScript = "\"${SRCROOT}/Pods/Target Support Files/Pods-codeChallengeAppTests/Pods-codeChallengeAppTests-frameworks.sh\"\n";
			showEnvVarsInLog = 0;
		};
		B53332BE3B7737DC517F87B5 /* [CP] Check Pods Manifest.lock */ = {
			isa = PBXShellScriptBuildPhase;
			buildActionMask = 2147483647;
			files = (
			);
			inputFileListPaths = (
			);
			inputPaths = (
				"${PODS_PODFILE_DIR_PATH}/Podfile.lock",
				"${PODS_ROOT}/Manifest.lock",
			);
			name = "[CP] Check Pods Manifest.lock";
			outputFileListPaths = (
			);
			outputPaths = (
				"$(DERIVED_FILE_DIR)/Pods-codeChallengeAppTests-checkManifestLockResult.txt",
			);
			runOnlyForDeploymentPostprocessing = 0;
			shellPath = /bin/sh;
			shellScript = "diff \"${PODS_PODFILE_DIR_PATH}/Podfile.lock\" \"${PODS_ROOT}/Manifest.lock\" > /dev/null\nif [ $? != 0 ] ; then\n    # print error to STDERR\n    echo \"error: The sandbox is not in sync with the Podfile.lock. Run 'pod install' or update your CocoaPods installation.\" >&2\n    exit 1\nfi\n# This output is used by Xcode 'outputs' to avoid re-running this script phase.\necho \"SUCCESS\" > \"${SCRIPT_OUTPUT_FILE_0}\"\n";
			showEnvVarsInLog = 0;
		};
		F42D50D9311B28A9B35117E0 /* [CP] Embed Pods Frameworks */ = {
			isa = PBXShellScriptBuildPhase;
			buildActionMask = 2147483647;
			files = (
			);
			inputFileListPaths = (
			);
			inputPaths = (
				"${SRCROOT}/Pods/Target Support Files/Pods-codeChallengeApp/Pods-codeChallengeApp-frameworks.sh",
				"${BUILT_PRODUCTS_DIR}/Alamofire/Alamofire.framework",
				"${BUILT_PRODUCTS_DIR}/Kingfisher/Kingfisher.framework",
				"${BUILT_PRODUCTS_DIR}/Realm/Realm.framework",
				"${BUILT_PRODUCTS_DIR}/RealmSwift/RealmSwift.framework",
				"${BUILT_PRODUCTS_DIR}/SVProgressHUD/SVProgressHUD.framework",
				"${BUILT_PRODUCTS_DIR}/Swinject/Swinject.framework",
			);
			name = "[CP] Embed Pods Frameworks";
			outputFileListPaths = (
			);
			outputPaths = (
				"${TARGET_BUILD_DIR}/${FRAMEWORKS_FOLDER_PATH}/Alamofire.framework",
				"${TARGET_BUILD_DIR}/${FRAMEWORKS_FOLDER_PATH}/Kingfisher.framework",
				"${TARGET_BUILD_DIR}/${FRAMEWORKS_FOLDER_PATH}/Realm.framework",
				"${TARGET_BUILD_DIR}/${FRAMEWORKS_FOLDER_PATH}/RealmSwift.framework",
				"${TARGET_BUILD_DIR}/${FRAMEWORKS_FOLDER_PATH}/SVProgressHUD.framework",
				"${TARGET_BUILD_DIR}/${FRAMEWORKS_FOLDER_PATH}/Swinject.framework",
			);
			runOnlyForDeploymentPostprocessing = 0;
			shellPath = /bin/sh;
			shellScript = "\"${SRCROOT}/Pods/Target Support Files/Pods-codeChallengeApp/Pods-codeChallengeApp-frameworks.sh\"\n";
			showEnvVarsInLog = 0;
		};
/* End PBXShellScriptBuildPhase section */

/* Begin PBXSourcesBuildPhase section */
		8CB86C5E22709DAB00755582 /* Sources */ = {
			isa = PBXSourcesBuildPhase;
			buildActionMask = 2147483647;
			files = (
				8CB86CB12270B88E00755582 /* PhotoDetailViewModel.swift in Sources */,
				8CB86C9C2270B53000755582 /* NetworkManager.swift in Sources */,
				8CB86C9A2270B50B00755582 /* Photo.swift in Sources */,
				8CB86CBC2270BA2000755582 /* Endpoint.swift in Sources */,
				8CB86CE92272153900755582 /* ReachabilityManager.swift in Sources */,
				8CB86CB42270B8DA00755582 /* PhotoListItemCell.swift in Sources */,
				8CB86CBA2270B97700755582 /* DependencyInjector.swift in Sources */,
				8CB86CBF2270BA7200755582 /* Coordinator.swift in Sources */,
				8CB86CEB22728BC200755582 /* BaseCollectionViewCell.swift in Sources */,
				8CB86C9E2270B54600755582 /* DatabaseManager.swift in Sources */,
				8CB86CC42270BAC100755582 /* PhotoDetailCoordinator.swift in Sources */,
				8CB86C6622709DAB00755582 /* AppDelegate.swift in Sources */,
				8CB86CF1227421FA00755582 /* ApplicationCoordinator.swift in Sources */,
				8CB86CD72272054800755582 /* ApiManager.swift in Sources */,
				8CB86CC12270BA9000755582 /* PhotoListCoordinator.swift in Sources */,
				8CB86CED22741BF100755582 /* UIColor+Custom.swift in Sources */,
				8CB86CD92272081500755582 /* ApiError.swift in Sources */,
				8CB86CA12270B58000755582 /* PhotoListViewController.swift in Sources */,
				8CB86CA82270B67700755582 /* BaseViewController.swift in Sources */,
				8CB86CB72270B90600755582 /* PhotoListItemCellViewModel.swift in Sources */,
				8CB86CD32271FE6F00755582 /* GlobalFunctions.swift in Sources */,
				8CB86CAE2270B86D00755582 /* PhotoDetailViewController.swift in Sources */,
				8CB86CAB2270B6AD00755582 /* PhotoListViewModel.swift in Sources */,
			);
			runOnlyForDeploymentPostprocessing = 0;
		};
		8CB86C7222709DAD00755582 /* Sources */ = {
			isa = PBXSourcesBuildPhase;
			buildActionMask = 2147483647;
			files = (
				8CB86CE7227211FB00755582 /* PhotoDetailViewModelTests.swift in Sources */,
				8CB86CCE2271416F00755582 /* NetworkManagerTests.swift in Sources */,
				8CB86CDE22720AA200755582 /* UnitTestConstants.swift in Sources */,
				8CB86CCC22713AE100755582 /* PhotoTests.swift in Sources */,
				8CB86CCA2270C35000755582 /* EndpointTests.swift in Sources */,
				8CB86C7B22709DAD00755582 /* DependencyInjectorTests.swift in Sources */,
				8CB86CE122720D2D00755582 /* PhotoListViewModelTests.swift in Sources */,
				8CB86CE52272102E00755582 /* PhotoListItemCellViewModelTests.swift in Sources */,
				8CB86CDC2272084200755582 /* ApiManagerTests.swift in Sources */,
				8CB86CD02271E15400755582 /* DatabaseManagerTests.swift in Sources */,
			);
			runOnlyForDeploymentPostprocessing = 0;
		};
		8CB86C7D22709DAD00755582 /* Sources */ = {
			isa = PBXSourcesBuildPhase;
			buildActionMask = 2147483647;
			files = (
				8CB86C8622709DAD00755582 /* codeChallengeAppUITests.swift in Sources */,
			);
			runOnlyForDeploymentPostprocessing = 0;
		};
/* End PBXSourcesBuildPhase section */

/* Begin PBXTargetDependency section */
		8CB86C7822709DAD00755582 /* PBXTargetDependency */ = {
			isa = PBXTargetDependency;
			target = 8CB86C6122709DAB00755582 /* codeChallengeApp */;
			targetProxy = 8CB86C7722709DAD00755582 /* PBXContainerItemProxy */;
		};
		8CB86C8322709DAD00755582 /* PBXTargetDependency */ = {
			isa = PBXTargetDependency;
			target = 8CB86C6122709DAB00755582 /* codeChallengeApp */;
			targetProxy = 8CB86C8222709DAD00755582 /* PBXContainerItemProxy */;
		};
/* End PBXTargetDependency section */

/* Begin PBXVariantGroup section */
		8CB86C6922709DAB00755582 /* Main.storyboard */ = {
			isa = PBXVariantGroup;
			children = (
				8CB86C6A22709DAB00755582 /* Base */,
			);
			name = Main.storyboard;
			sourceTree = "<group>";
		};
		8CB86C6E22709DAD00755582 /* LaunchScreen.storyboard */ = {
			isa = PBXVariantGroup;
			children = (
				8CB86C6F22709DAD00755582 /* Base */,
			);
			name = LaunchScreen.storyboard;
			sourceTree = "<group>";
		};
/* End PBXVariantGroup section */

/* Begin XCBuildConfiguration section */
		8CB86C8822709DAD00755582 /* Debug */ = {
			isa = XCBuildConfiguration;
			buildSettings = {
				ALWAYS_SEARCH_USER_PATHS = NO;
				CLANG_ANALYZER_NONNULL = YES;
				CLANG_ANALYZER_NUMBER_OBJECT_CONVERSION = YES_AGGRESSIVE;
				CLANG_CXX_LANGUAGE_STANDARD = "gnu++14";
				CLANG_CXX_LIBRARY = "libc++";
				CLANG_ENABLE_MODULES = YES;
				CLANG_ENABLE_OBJC_ARC = YES;
				CLANG_ENABLE_OBJC_WEAK = YES;
				CLANG_WARN_BLOCK_CAPTURE_AUTORELEASING = YES;
				CLANG_WARN_BOOL_CONVERSION = YES;
				CLANG_WARN_COMMA = YES;
				CLANG_WARN_CONSTANT_CONVERSION = YES;
				CLANG_WARN_DEPRECATED_OBJC_IMPLEMENTATIONS = YES;
				CLANG_WARN_DIRECT_OBJC_ISA_USAGE = YES_ERROR;
				CLANG_WARN_DOCUMENTATION_COMMENTS = YES;
				CLANG_WARN_EMPTY_BODY = YES;
				CLANG_WARN_ENUM_CONVERSION = YES;
				CLANG_WARN_INFINITE_RECURSION = YES;
				CLANG_WARN_INT_CONVERSION = YES;
				CLANG_WARN_NON_LITERAL_NULL_CONVERSION = YES;
				CLANG_WARN_OBJC_IMPLICIT_RETAIN_SELF = YES;
				CLANG_WARN_OBJC_LITERAL_CONVERSION = YES;
				CLANG_WARN_OBJC_ROOT_CLASS = YES_ERROR;
				CLANG_WARN_RANGE_LOOP_ANALYSIS = YES;
				CLANG_WARN_STRICT_PROTOTYPES = YES;
				CLANG_WARN_SUSPICIOUS_MOVE = YES;
				CLANG_WARN_UNGUARDED_AVAILABILITY = YES_AGGRESSIVE;
				CLANG_WARN_UNREACHABLE_CODE = YES;
				CLANG_WARN__DUPLICATE_METHOD_MATCH = YES;
				CODE_SIGN_IDENTITY = "iPhone Developer";
				COPY_PHASE_STRIP = NO;
				DEBUG_INFORMATION_FORMAT = dwarf;
				ENABLE_STRICT_OBJC_MSGSEND = YES;
				ENABLE_TESTABILITY = YES;
				GCC_C_LANGUAGE_STANDARD = gnu11;
				GCC_DYNAMIC_NO_PIC = NO;
				GCC_NO_COMMON_BLOCKS = YES;
				GCC_OPTIMIZATION_LEVEL = 0;
				GCC_PREPROCESSOR_DEFINITIONS = (
					"DEBUG=1",
					"$(inherited)",
				);
				GCC_WARN_64_TO_32_BIT_CONVERSION = YES;
				GCC_WARN_ABOUT_RETURN_TYPE = YES_ERROR;
				GCC_WARN_UNDECLARED_SELECTOR = YES;
				GCC_WARN_UNINITIALIZED_AUTOS = YES_AGGRESSIVE;
				GCC_WARN_UNUSED_FUNCTION = YES;
				GCC_WARN_UNUSED_VARIABLE = YES;
				IPHONEOS_DEPLOYMENT_TARGET = 12.2;
				MTL_ENABLE_DEBUG_INFO = INCLUDE_SOURCE;
				MTL_FAST_MATH = YES;
				ONLY_ACTIVE_ARCH = YES;
				SDKROOT = iphoneos;
				SWIFT_ACTIVE_COMPILATION_CONDITIONS = DEBUG;
				SWIFT_OPTIMIZATION_LEVEL = "-Onone";
			};
			name = Debug;
		};
		8CB86C8922709DAD00755582 /* Release */ = {
			isa = XCBuildConfiguration;
			buildSettings = {
				ALWAYS_SEARCH_USER_PATHS = NO;
				CLANG_ANALYZER_NONNULL = YES;
				CLANG_ANALYZER_NUMBER_OBJECT_CONVERSION = YES_AGGRESSIVE;
				CLANG_CXX_LANGUAGE_STANDARD = "gnu++14";
				CLANG_CXX_LIBRARY = "libc++";
				CLANG_ENABLE_MODULES = YES;
				CLANG_ENABLE_OBJC_ARC = YES;
				CLANG_ENABLE_OBJC_WEAK = YES;
				CLANG_WARN_BLOCK_CAPTURE_AUTORELEASING = YES;
				CLANG_WARN_BOOL_CONVERSION = YES;
				CLANG_WARN_COMMA = YES;
				CLANG_WARN_CONSTANT_CONVERSION = YES;
				CLANG_WARN_DEPRECATED_OBJC_IMPLEMENTATIONS = YES;
				CLANG_WARN_DIRECT_OBJC_ISA_USAGE = YES_ERROR;
				CLANG_WARN_DOCUMENTATION_COMMENTS = YES;
				CLANG_WARN_EMPTY_BODY = YES;
				CLANG_WARN_ENUM_CONVERSION = YES;
				CLANG_WARN_INFINITE_RECURSION = YES;
				CLANG_WARN_INT_CONVERSION = YES;
				CLANG_WARN_NON_LITERAL_NULL_CONVERSION = YES;
				CLANG_WARN_OBJC_IMPLICIT_RETAIN_SELF = YES;
				CLANG_WARN_OBJC_LITERAL_CONVERSION = YES;
				CLANG_WARN_OBJC_ROOT_CLASS = YES_ERROR;
				CLANG_WARN_RANGE_LOOP_ANALYSIS = YES;
				CLANG_WARN_STRICT_PROTOTYPES = YES;
				CLANG_WARN_SUSPICIOUS_MOVE = YES;
				CLANG_WARN_UNGUARDED_AVAILABILITY = YES_AGGRESSIVE;
				CLANG_WARN_UNREACHABLE_CODE = YES;
				CLANG_WARN__DUPLICATE_METHOD_MATCH = YES;
				CODE_SIGN_IDENTITY = "iPhone Developer";
				COPY_PHASE_STRIP = NO;
				DEBUG_INFORMATION_FORMAT = "dwarf-with-dsym";
				ENABLE_NS_ASSERTIONS = NO;
				ENABLE_STRICT_OBJC_MSGSEND = YES;
				GCC_C_LANGUAGE_STANDARD = gnu11;
				GCC_NO_COMMON_BLOCKS = YES;
				GCC_WARN_64_TO_32_BIT_CONVERSION = YES;
				GCC_WARN_ABOUT_RETURN_TYPE = YES_ERROR;
				GCC_WARN_UNDECLARED_SELECTOR = YES;
				GCC_WARN_UNINITIALIZED_AUTOS = YES_AGGRESSIVE;
				GCC_WARN_UNUSED_FUNCTION = YES;
				GCC_WARN_UNUSED_VARIABLE = YES;
				IPHONEOS_DEPLOYMENT_TARGET = 12.2;
				MTL_ENABLE_DEBUG_INFO = NO;
				MTL_FAST_MATH = YES;
				SDKROOT = iphoneos;
				SWIFT_COMPILATION_MODE = wholemodule;
				SWIFT_OPTIMIZATION_LEVEL = "-O";
				VALIDATE_PRODUCT = YES;
			};
			name = Release;
		};
		8CB86C8B22709DAD00755582 /* Debug */ = {
			isa = XCBuildConfiguration;
			baseConfigurationReference = 06DFBC536C6393B91BA213F5 /* Pods-codeChallengeApp.debug.xcconfig */;
			buildSettings = {
				ALWAYS_EMBED_SWIFT_STANDARD_LIBRARIES = "$(inherited)";
				ASSETCATALOG_COMPILER_APPICON_NAME = AppIcon;
				CODE_SIGN_STYLE = Automatic;
				DEVELOPMENT_TEAM = A6F3FRDAKH;
				INFOPLIST_FILE = codeChallengeApp/Info.plist;
				IPHONEOS_DEPLOYMENT_TARGET = 11.0;
				LD_RUNPATH_SEARCH_PATHS = (
					"$(inherited)",
					"@executable_path/Frameworks",
				);
				PRODUCT_BUNDLE_IDENTIFIER = com.newsgroup.codeChallengeApp;
				PRODUCT_NAME = "$(TARGET_NAME)";
				SWIFT_VERSION = 5.0;
				TARGETED_DEVICE_FAMILY = "1,2";
			};
			name = Debug;
		};
		8CB86C8C22709DAD00755582 /* Release */ = {
			isa = XCBuildConfiguration;
			baseConfigurationReference = A3FA45787445496DC5402C83 /* Pods-codeChallengeApp.release.xcconfig */;
			buildSettings = {
				ALWAYS_EMBED_SWIFT_STANDARD_LIBRARIES = "$(inherited)";
				ASSETCATALOG_COMPILER_APPICON_NAME = AppIcon;
				CODE_SIGN_STYLE = Automatic;
				DEVELOPMENT_TEAM = A6F3FRDAKH;
				INFOPLIST_FILE = codeChallengeApp/Info.plist;
				IPHONEOS_DEPLOYMENT_TARGET = 11.0;
				LD_RUNPATH_SEARCH_PATHS = (
					"$(inherited)",
					"@executable_path/Frameworks",
				);
				PRODUCT_BUNDLE_IDENTIFIER = com.newsgroup.codeChallengeApp;
				PRODUCT_NAME = "$(TARGET_NAME)";
				SWIFT_VERSION = 5.0;
				TARGETED_DEVICE_FAMILY = "1,2";
			};
			name = Release;
		};
		8CB86C8E22709DAD00755582 /* Debug */ = {
			isa = XCBuildConfiguration;
			baseConfigurationReference = C8EE3FC2790B7E9000F929EA /* Pods-codeChallengeAppTests.debug.xcconfig */;
			buildSettings = {
				ALWAYS_EMBED_SWIFT_STANDARD_LIBRARIES = "$(inherited)";
				BUNDLE_LOADER = "$(TEST_HOST)";
				CODE_SIGN_STYLE = Automatic;
				DEVELOPMENT_TEAM = A6F3FRDAKH;
				INFOPLIST_FILE = codeChallengeAppTests/Info.plist;
				LD_RUNPATH_SEARCH_PATHS = (
					"$(inherited)",
					"@executable_path/Frameworks",
					"@loader_path/Frameworks",
				);
				PRODUCT_BUNDLE_IDENTIFIER = com.newsgroup.codeChallengeAppTests;
				PRODUCT_NAME = "$(TARGET_NAME)";
				SWIFT_VERSION = 5.0;
				TARGETED_DEVICE_FAMILY = "1,2";
				TEST_HOST = "$(BUILT_PRODUCTS_DIR)/codeChallengeApp.app/codeChallengeApp";
			};
			name = Debug;
		};
		8CB86C8F22709DAD00755582 /* Release */ = {
			isa = XCBuildConfiguration;
			baseConfigurationReference = 7BB1BDE9631D34CB129EF347 /* Pods-codeChallengeAppTests.release.xcconfig */;
			buildSettings = {
				ALWAYS_EMBED_SWIFT_STANDARD_LIBRARIES = "$(inherited)";
				BUNDLE_LOADER = "$(TEST_HOST)";
				CODE_SIGN_STYLE = Automatic;
				DEVELOPMENT_TEAM = A6F3FRDAKH;
				INFOPLIST_FILE = codeChallengeAppTests/Info.plist;
				LD_RUNPATH_SEARCH_PATHS = (
					"$(inherited)",
					"@executable_path/Frameworks",
					"@loader_path/Frameworks",
				);
				PRODUCT_BUNDLE_IDENTIFIER = com.newsgroup.codeChallengeAppTests;
				PRODUCT_NAME = "$(TARGET_NAME)";
				SWIFT_VERSION = 5.0;
				TARGETED_DEVICE_FAMILY = "1,2";
				TEST_HOST = "$(BUILT_PRODUCTS_DIR)/codeChallengeApp.app/codeChallengeApp";
			};
			name = Release;
		};
		8CB86C9122709DAD00755582 /* Debug */ = {
			isa = XCBuildConfiguration;
			buildSettings = {
				ALWAYS_EMBED_SWIFT_STANDARD_LIBRARIES = YES;
				CODE_SIGN_STYLE = Automatic;
				DEVELOPMENT_TEAM = A6F3FRDAKH;
				INFOPLIST_FILE = codeChallengeAppUITests/Info.plist;
				LD_RUNPATH_SEARCH_PATHS = (
					"$(inherited)",
					"@executable_path/Frameworks",
					"@loader_path/Frameworks",
				);
				PRODUCT_BUNDLE_IDENTIFIER = com.newsgroup.codeChallengeAppUITests;
				PRODUCT_NAME = "$(TARGET_NAME)";
				SWIFT_VERSION = 5.0;
				TARGETED_DEVICE_FAMILY = "1,2";
				TEST_TARGET_NAME = codeChallengeApp;
			};
			name = Debug;
		};
		8CB86C9222709DAD00755582 /* Release */ = {
			isa = XCBuildConfiguration;
			buildSettings = {
				ALWAYS_EMBED_SWIFT_STANDARD_LIBRARIES = YES;
				CODE_SIGN_STYLE = Automatic;
				DEVELOPMENT_TEAM = A6F3FRDAKH;
				INFOPLIST_FILE = codeChallengeAppUITests/Info.plist;
				LD_RUNPATH_SEARCH_PATHS = (
					"$(inherited)",
					"@executable_path/Frameworks",
					"@loader_path/Frameworks",
				);
				PRODUCT_BUNDLE_IDENTIFIER = com.newsgroup.codeChallengeAppUITests;
				PRODUCT_NAME = "$(TARGET_NAME)";
				SWIFT_VERSION = 5.0;
				TARGETED_DEVICE_FAMILY = "1,2";
				TEST_TARGET_NAME = codeChallengeApp;
			};
			name = Release;
		};
/* End XCBuildConfiguration section */

/* Begin XCConfigurationList section */
		8CB86C5D22709DAA00755582 /* Build configuration list for PBXProject "codeChallengeApp" */ = {
			isa = XCConfigurationList;
			buildConfigurations = (
				8CB86C8822709DAD00755582 /* Debug */,
				8CB86C8922709DAD00755582 /* Release */,
			);
			defaultConfigurationIsVisible = 0;
			defaultConfigurationName = Release;
		};
		8CB86C8A22709DAD00755582 /* Build configuration list for PBXNativeTarget "codeChallengeApp" */ = {
			isa = XCConfigurationList;
			buildConfigurations = (
				8CB86C8B22709DAD00755582 /* Debug */,
				8CB86C8C22709DAD00755582 /* Release */,
			);
			defaultConfigurationIsVisible = 0;
			defaultConfigurationName = Release;
		};
		8CB86C8D22709DAD00755582 /* Build configuration list for PBXNativeTarget "codeChallengeAppTests" */ = {
			isa = XCConfigurationList;
			buildConfigurations = (
				8CB86C8E22709DAD00755582 /* Debug */,
				8CB86C8F22709DAD00755582 /* Release */,
			);
			defaultConfigurationIsVisible = 0;
			defaultConfigurationName = Release;
		};
		8CB86C9022709DAD00755582 /* Build configuration list for PBXNativeTarget "codeChallengeAppUITests" */ = {
			isa = XCConfigurationList;
			buildConfigurations = (
				8CB86C9122709DAD00755582 /* Debug */,
				8CB86C9222709DAD00755582 /* Release */,
			);
			defaultConfigurationIsVisible = 0;
			defaultConfigurationName = Release;
		};
/* End XCConfigurationList section */
	};
	rootObject = 8CB86C5A22709DAA00755582 /* Project object */;
}
